{
  "nodes": {
    "lxmake": {
      "inputs": {
        "nixpkgs": "nixpkgs"
      },
      "locked": {
        "lastModified": 1767178064,
        "narHash": "sha256-Iz9l+k+hp1MjgutfRvl6MawmhtHghAElaK/zBcJH0mU=",
        "owner": "randoragon",
        "repo": "lxmake",
        "rev": "9a9800cd43ea4ecfe2d738977af01392affb22ac",
        "type": "github"
      },
      "original": {
        "owner": "randoragon",
        "repo": "lxmake",
        "type": "github"
      }
    },
    "nixpkgs": {
      "locked": {
        "lastModified": 1766902085,
        "narHash": "sha256-coBu0ONtFzlwwVBzmjacUQwj3G+lybcZ1oeNSQkgC0M=",
        "owner": "nixos",
        "repo": "nixpkgs",
        "rev": "c0b0e0fddf73fd517c3471e546c0df87a42d53f4",
        "type": "github"
      },
      "original": {
        "owner": "nixos",
        "ref": "nixos-unstable",
        "repo": "nixpkgs",
        "type": "github"
      }
    },
    "nixpkgs_2": {
      "locked": {
        "lastModified": 1768127708,
        "narHash": "sha256-1Sm77VfZh3mU0F5OqKABNLWxOuDeHIlcFjsXeeiPazs=",
        "owner": "nixos",
        "repo": "nixpkgs",
        "rev": "ffbc9f8cbaacfb331b6017d5a5abb21a492c9a38",
        "type": "github"
      },
      "original": {
        "owner": "nixos",
        "ref": "nixos-unstable",
        "repo": "nixpkgs",
        "type": "github"
      }
    },
    "nixpkgs_3": {
      "locked": {
        "lastModified": 1766902085,
        "narHash": "sha256-coBu0ONtFzlwwVBzmjacUQwj3G+lybcZ1oeNSQkgC0M=",
        "owner": "nixos",
        "repo": "nixpkgs",
        "rev": "c0b0e0fddf73fd517c3471e546c0df87a42d53f4",
        "type": "github"
      },
      "original": {
        "owner": "nixos",
        "ref": "nixos-unstable",
        "repo": "nixpkgs",
        "type": "github"
      }
    },
    "root": {
      "inputs": {
        "lxmake": "lxmake",
        "nixpkgs": "nixpkgs_2",
        "secrets": "secrets"
      }
    },
    "secrets": {
      "inputs": {
        "nixpkgs": "nixpkgs_3"
      },
      "locked": {
        "lastModified": 1767177779,
        "narHash": "sha256-+AZ1iFYudm76papnfdpf28DIzaaRj+rrSHOTaNJaEXg=",
        "owner": "randoragon",
        "repo": "secrets",
        "rev": "17709858207ef7b736c6223bb6da478f3a681ee5",
        "type": "github"
      },
      "original": {
        "owner": "randoragon",
        "repo": "secrets",
        "type": "github"
      }
    }
  },
  "root": "root",
  "version": 7
}
